
Microsoft Visual Studio Solution File, Format Version 12.00
# Visual Studio Version 17
VisualStudioVersion = 17.9.34728.123
MinimumVisualStudioVersion = 10.0.40219.1
Project("{FAE04EC0-301F-11D3-BF4B-00C04F79EFBC}") = "SimulasTest", "SimulasTest.csproj", "{317ED978-59B3-45E0-AC91-5A5C2280572B}"
EndProject
Project("{FAE04EC0-301F-11D3-BF4B-00C04F79EFBC}") = "SimulasSoup", "..\SimulasSoup\SimulasSoup.csproj", "{F064FE4B-815D-496B-9821-3D3BF4749ED8}"
EndProject
Global
	GlobalSection(SolutionConfigurationPlatforms) = preSolution
		Debug|Any CPU = Debug|Any CPU
		Release|Any CPU = Release|Any CPU
	EndGlobalSection
	GlobalSection(ProjectConfigurationPlatforms) = postSolution
		{317ED978-59B3-45E0-AC91-5A5C2280572B}.Debug|Any CPU.ActiveCfg = Debug|Any CPU
		{317ED978-59B3-45E0-AC91-5A5C2280572B}.Debug|Any CPU.Build.0 = Debug|Any CPU
		{317ED978-59B3-45E0-AC91-5A5C2280572B}.Release|Any CPU.ActiveCfg = Release|Any CPU
		{317ED978-59B3-45E0-AC91-5A5C2280572B}.Release|Any CPU.Build.0 = Release|Any CPU
		{F064FE4B-815D-496B-9821-3D3BF4749ED8}.Debug|Any CPU.ActiveCfg = Debug|Any CPU
		{F064FE4B-815D-496B-9821-3D3BF4749ED8}.Debug|Any CPU.Build.0 = Debug|Any CPU
		{F064FE4B-815D-496B-9821-3D3BF4749ED8}.Release|Any CPU.ActiveCfg = Release|Any CPU
		{F064FE4B-815D-496B-9821-3D3BF4749ED8}.Release|Any CPU.Build.0 = Release|Any CPU
	EndGlobalSection
	GlobalSection(SolutionProperties) = preSolution
		HideSolutionNode = FALSE
	EndGlobalSection
	GlobalSection(ExtensibilityGlobals) = postSolution
		SolutionGuid = {48201CD9-0888-4E2F-9CD0-3B7698722E0C}
	EndGlobalSection
EndGlobal
